// !$*UTF8*$!
{
	archiveVersion = 1;
	classes = {
	};
	objectVersion = 50;
	objects = {

/* Begin PBXBuildFile section */
		BC7D000C238E912900A47840 /* UIViewTests.swift in Sources */ = {isa = PBXBuildFile; fileRef = BC7D000B238E912900A47840 /* UIViewTests.swift */; };
		BC7D000E238E915400A47840 /* TestView.swift in Sources */ = {isa = PBXBuildFile; fileRef = BC7D000D238E915400A47840 /* TestView.swift */; };
		BC7D0011238E918100A47840 /* TestView.xib in Resources */ = {isa = PBXBuildFile; fileRef = BC7D0010238E918100A47840 /* TestView.xib */; };
		BC7D0017238EDA4700A47840 /* KeyboardObserver.swift in Sources */ = {isa = PBXBuildFile; fileRef = BC7D0016238EDA4700A47840 /* KeyboardObserver.swift */; };
		BC7D0019238EDC2E00A47840 /* KeyboardObserverTests.swift in Sources */ = {isa = PBXBuildFile; fileRef = BC7D0018238EDC2D00A47840 /* KeyboardObserverTests.swift */; };
		BC95597B238A797F00687634 /* Localizable.swift in Sources */ = {isa = PBXBuildFile; fileRef = BC95597A238A797F00687634 /* Localizable.swift */; };
		BC955980238BCA8900687634 /* NSAttributedString+HTML.swift in Sources */ = {isa = PBXBuildFile; fileRef = BC95597F238BCA8900687634 /* NSAttributedString+HTML.swift */; };
		BC955985238BD0FB00687634 /* LocalizableTests.swift in Sources */ = {isa = PBXBuildFile; fileRef = BC955984238BD0FB00687634 /* LocalizableTests.swift */; };
		BC955987238BD17E00687634 /* Localizable.strings in Resources */ = {isa = PBXBuildFile; fileRef = BC955986238BD17E00687634 /* Localizable.strings */; };
		BC95598B238BD9A300687634 /* NSAttributedStringHTMLTests.swift in Sources */ = {isa = PBXBuildFile; fileRef = BC95598A238BD9A300687634 /* NSAttributedStringHTMLTests.swift */; };
		BCA6B54C238E79A200FE9E67 /* UIView+StarterKit.swift in Sources */ = {isa = PBXBuildFile; fileRef = BCA6B54B238E79A200FE9E67 /* UIView+StarterKit.swift */; };
		BCA910602387D5D800BDBE98 /* StarterKit.framework in Frameworks */ = {isa = PBXBuildFile; fileRef = BCA910562387D5D800BDBE98 /* StarterKit.framework */; };
		BCA910652387D5D800BDBE98 /* StarterKitTests.swift in Sources */ = {isa = PBXBuildFile; fileRef = BCA910642387D5D800BDBE98 /* StarterKitTests.swift */; };
		BCA910672387D5D800BDBE98 /* StarterKit.h in Headers */ = {isa = PBXBuildFile; fileRef = BCA910592387D5D800BDBE98 /* StarterKit.h */; settings = {ATTRIBUTES = (Public, ); }; };
		BCA911072387E91000BDBE98 /* InjectionCenter.swift in Sources */ = {isa = PBXBuildFile; fileRef = BCA911062387E91000BDBE98 /* InjectionCenter.swift */; };
		BCA9110A2387E9BC00BDBE98 /* DispatchQueue+StarterKit.swift in Sources */ = {isa = PBXBuildFile; fileRef = BCA911092387E9BC00BDBE98 /* DispatchQueue+StarterKit.swift */; };
		BCA9110D2387EA0B00BDBE98 /* InjectionCenterTests.swift in Sources */ = {isa = PBXBuildFile; fileRef = BCA9110C2387EA0B00BDBE98 /* InjectionCenterTests.swift */; };
		BCA911102387EB6D00BDBE98 /* DispatchQueueTests.swift in Sources */ = {isa = PBXBuildFile; fileRef = BCA9110F2387EB6D00BDBE98 /* DispatchQueueTests.swift */; };
		BCA911152387ED8200BDBE98 /* URLProtocolMock.swift in Sources */ = {isa = PBXBuildFile; fileRef = BCA911142387ED8200BDBE98 /* URLProtocolMock.swift */; };
		BCA911182387EDA200BDBE98 /* Cancellable.swift in Sources */ = {isa = PBXBuildFile; fileRef = BCA911172387EDA200BDBE98 /* Cancellable.swift */; };
		BCA9111A2387EE5800BDBE98 /* APIRequest.swift in Sources */ = {isa = PBXBuildFile; fileRef = BCA911192387EE5800BDBE98 /* APIRequest.swift */; };
		BCA9111D2387EF6F00BDBE98 /* URLProtocolMockTests.swift in Sources */ = {isa = PBXBuildFile; fileRef = BCA9111C2387EF6F00BDBE98 /* URLProtocolMockTests.swift */; };
/* End PBXBuildFile section */

/* Begin PBXContainerItemProxy section */
		BCA910612387D5D800BDBE98 /* PBXContainerItemProxy */ = {
			isa = PBXContainerItemProxy;
			containerPortal = BCA9104D2387D5D800BDBE98 /* Project object */;
			proxyType = 1;
			remoteGlobalIDString = BCA910552387D5D800BDBE98;
			remoteInfo = StarterKit;
		};
/* End PBXContainerItemProxy section */

/* Begin PBXFileReference section */
		BC7D000B238E912900A47840 /* UIViewTests.swift */ = {isa = PBXFileReference; lastKnownFileType = sourcecode.swift; path = UIViewTests.swift; sourceTree = "<group>"; };
		BC7D000D238E915400A47840 /* TestView.swift */ = {isa = PBXFileReference; lastKnownFileType = sourcecode.swift; path = TestView.swift; sourceTree = "<group>"; };
		BC7D0010238E918100A47840 /* TestView.xib */ = {isa = PBXFileReference; lastKnownFileType = file.xib; path = TestView.xib; sourceTree = "<group>"; };
		BC7D0016238EDA4700A47840 /* KeyboardObserver.swift */ = {isa = PBXFileReference; lastKnownFileType = sourcecode.swift; path = KeyboardObserver.swift; sourceTree = "<group>"; };
		BC7D0018238EDC2D00A47840 /* KeyboardObserverTests.swift */ = {isa = PBXFileReference; lastKnownFileType = sourcecode.swift; path = KeyboardObserverTests.swift; sourceTree = "<group>"; };
		BC95597A238A797F00687634 /* Localizable.swift */ = {isa = PBXFileReference; lastKnownFileType = sourcecode.swift; path = Localizable.swift; sourceTree = "<group>"; };
		BC95597F238BCA8900687634 /* NSAttributedString+HTML.swift */ = {isa = PBXFileReference; lastKnownFileType = sourcecode.swift; path = "NSAttributedString+HTML.swift"; sourceTree = "<group>"; };
		BC955984238BD0FB00687634 /* LocalizableTests.swift */ = {isa = PBXFileReference; lastKnownFileType = sourcecode.swift; path = LocalizableTests.swift; sourceTree = "<group>"; };
		BC955986238BD17E00687634 /* Localizable.strings */ = {isa = PBXFileReference; lastKnownFileType = text.plist.strings; path = Localizable.strings; sourceTree = "<group>"; };
		BC95598A238BD9A300687634 /* NSAttributedStringHTMLTests.swift */ = {isa = PBXFileReference; lastKnownFileType = sourcecode.swift; path = NSAttributedStringHTMLTests.swift; sourceTree = "<group>"; };
		BCA6B54B238E79A200FE9E67 /* UIView+StarterKit.swift */ = {isa = PBXFileReference; lastKnownFileType = sourcecode.swift; path = "UIView+StarterKit.swift"; sourceTree = "<group>"; };
		BCA910562387D5D800BDBE98 /* StarterKit.framework */ = {isa = PBXFileReference; explicitFileType = wrapper.framework; includeInIndex = 0; path = StarterKit.framework; sourceTree = BUILT_PRODUCTS_DIR; };
		BCA910592387D5D800BDBE98 /* StarterKit.h */ = {isa = PBXFileReference; lastKnownFileType = sourcecode.c.h; path = StarterKit.h; sourceTree = "<group>"; };
		BCA9105A2387D5D800BDBE98 /* Info.plist */ = {isa = PBXFileReference; lastKnownFileType = text.plist.xml; path = Info.plist; sourceTree = "<group>"; };
		BCA9105F2387D5D800BDBE98 /* StarterKitTests.xctest */ = {isa = PBXFileReference; explicitFileType = wrapper.cfbundle; includeInIndex = 0; path = StarterKitTests.xctest; sourceTree = BUILT_PRODUCTS_DIR; };
		BCA910642387D5D800BDBE98 /* StarterKitTests.swift */ = {isa = PBXFileReference; lastKnownFileType = sourcecode.swift; path = StarterKitTests.swift; sourceTree = "<group>"; };
		BCA910662387D5D800BDBE98 /* Info.plist */ = {isa = PBXFileReference; lastKnownFileType = text.plist.xml; path = Info.plist; sourceTree = "<group>"; };
		BCA911062387E91000BDBE98 /* InjectionCenter.swift */ = {isa = PBXFileReference; lastKnownFileType = sourcecode.swift; path = InjectionCenter.swift; sourceTree = "<group>"; };
		BCA911092387E9BC00BDBE98 /* DispatchQueue+StarterKit.swift */ = {isa = PBXFileReference; lastKnownFileType = sourcecode.swift; path = "DispatchQueue+StarterKit.swift"; sourceTree = "<group>"; };
		BCA9110C2387EA0B00BDBE98 /* InjectionCenterTests.swift */ = {isa = PBXFileReference; lastKnownFileType = sourcecode.swift; path = InjectionCenterTests.swift; sourceTree = "<group>"; };
		BCA9110F2387EB6D00BDBE98 /* DispatchQueueTests.swift */ = {isa = PBXFileReference; lastKnownFileType = sourcecode.swift; path = DispatchQueueTests.swift; sourceTree = "<group>"; };
		BCA911142387ED8200BDBE98 /* URLProtocolMock.swift */ = {isa = PBXFileReference; lastKnownFileType = sourcecode.swift; path = URLProtocolMock.swift; sourceTree = "<group>"; };
		BCA911172387EDA200BDBE98 /* Cancellable.swift */ = {isa = PBXFileReference; lastKnownFileType = sourcecode.swift; path = Cancellable.swift; sourceTree = "<group>"; };
		BCA911192387EE5800BDBE98 /* APIRequest.swift */ = {isa = PBXFileReference; lastKnownFileType = sourcecode.swift; path = APIRequest.swift; sourceTree = "<group>"; };
		BCA9111C2387EF6F00BDBE98 /* URLProtocolMockTests.swift */ = {isa = PBXFileReference; lastKnownFileType = sourcecode.swift; path = URLProtocolMockTests.swift; sourceTree = "<group>"; };
/* End PBXFileReference section */

/* Begin PBXFrameworksBuildPhase section */
		BCA910532387D5D800BDBE98 /* Frameworks */ = {
			isa = PBXFrameworksBuildPhase;
			buildActionMask = 2147483647;
			files = (
			);
			runOnlyForDeploymentPostprocessing = 0;
		};
		BCA9105C2387D5D800BDBE98 /* Frameworks */ = {
			isa = PBXFrameworksBuildPhase;
			buildActionMask = 2147483647;
			files = (
				BCA910602387D5D800BDBE98 /* StarterKit.framework in Frameworks */,
			);
			runOnlyForDeploymentPostprocessing = 0;
		};
/* End PBXFrameworksBuildPhase section */

/* Begin PBXGroup section */
		BC7D000F238E916B00A47840 /* Fixtures */ = {
			isa = PBXGroup;
			children = (
				BC955986238BD17E00687634 /* Localizable.strings */,
				BC7D000D238E915400A47840 /* TestView.swift */,
				BC7D0010238E918100A47840 /* TestView.xib */,
			);
			path = Fixtures;
			sourceTree = "<group>";
		};
		BC95597C238BCA0200687634 /* UI */ = {
			isa = PBXGroup;
			children = (
				BC7D0016238EDA4700A47840 /* KeyboardObserver.swift */,
				BC95597A238A797F00687634 /* Localizable.swift */,
				BC95597F238BCA8900687634 /* NSAttributedString+HTML.swift */,
				BCA6B54B238E79A200FE9E67 /* UIView+StarterKit.swift */,
			);
			path = UI;
			sourceTree = "<group>";
		};
		BC955983238BD0E600687634 /* UI */ = {
			isa = PBXGroup;
			children = (
				BC7D0018238EDC2D00A47840 /* KeyboardObserverTests.swift */,
				BC955984238BD0FB00687634 /* LocalizableTests.swift */,
				BC95598A238BD9A300687634 /* NSAttributedStringHTMLTests.swift */,
				BC7D000B238E912900A47840 /* UIViewTests.swift */,
				BC7D000F238E916B00A47840 /* Fixtures */,
			);
			path = UI;
			sourceTree = "<group>";
		};
		BCA9104C2387D5D800BDBE98 = {
			isa = PBXGroup;
			children = (
				BCA910582387D5D800BDBE98 /* StarterKit */,
				BCA910632387D5D800BDBE98 /* StarterKitTests */,
				BCA910572387D5D800BDBE98 /* Products */,
			);
			sourceTree = "<group>";
		};
		BCA910572387D5D800BDBE98 /* Products */ = {
			isa = PBXGroup;
			children = (
				BCA910562387D5D800BDBE98 /* StarterKit.framework */,
				BCA9105F2387D5D800BDBE98 /* StarterKitTests.xctest */,
			);
			name = Products;
			sourceTree = "<group>";
		};
		BCA910582387D5D800BDBE98 /* StarterKit */ = {
			isa = PBXGroup;
			children = (
				BCA910592387D5D800BDBE98 /* StarterKit.h */,
				BCA9105A2387D5D800BDBE98 /* Info.plist */,
				BCA911082387E99100BDBE98 /* Concurrency */,
				BCA911052387E8D300BDBE98 /* Dependency Injection */,
				BCA911112387ED2600BDBE98 /* Networking */,
				BCA911162387ED9800BDBE98 /* Protocols */,
				BC95597C238BCA0200687634 /* UI */,
			);
			path = StarterKit;
			sourceTree = "<group>";
		};
		BCA910632387D5D800BDBE98 /* StarterKitTests */ = {
			isa = PBXGroup;
			children = (
				BCA910662387D5D800BDBE98 /* Info.plist */,
				BCA910642387D5D800BDBE98 /* StarterKitTests.swift */,
				BCA9110E2387EB5800BDBE98 /* Concurrency */,
				BCA9110B2387E9D800BDBE98 /* Dependency Injection */,
				BCA9111B2387EF5C00BDBE98 /* Networking */,
				BC955983238BD0E600687634 /* UI */,
			);
			path = StarterKitTests;
			sourceTree = "<group>";
		};
		BCA911052387E8D300BDBE98 /* Dependency Injection */ = {
			isa = PBXGroup;
			children = (
				BCA911062387E91000BDBE98 /* InjectionCenter.swift */,
			);
			path = "Dependency Injection";
			sourceTree = "<group>";
		};
		BCA911082387E99100BDBE98 /* Concurrency */ = {
			isa = PBXGroup;
			children = (
				BCA911092387E9BC00BDBE98 /* DispatchQueue+StarterKit.swift */,
			);
			path = Concurrency;
			sourceTree = "<group>";
		};
		BCA9110B2387E9D800BDBE98 /* Dependency Injection */ = {
			isa = PBXGroup;
			children = (
				BCA9110C2387EA0B00BDBE98 /* InjectionCenterTests.swift */,
			);
			path = "Dependency Injection";
			sourceTree = "<group>";
		};
		BCA9110E2387EB5800BDBE98 /* Concurrency */ = {
			isa = PBXGroup;
			children = (
				BCA9110F2387EB6D00BDBE98 /* DispatchQueueTests.swift */,
			);
			path = Concurrency;
			sourceTree = "<group>";
		};
		BCA911112387ED2600BDBE98 /* Networking */ = {
			isa = PBXGroup;
			children = (
				BCA911192387EE5800BDBE98 /* APIRequest.swift */,
				BCA911142387ED8200BDBE98 /* URLProtocolMock.swift */,
			);
			path = Networking;
			sourceTree = "<group>";
		};
		BCA911162387ED9800BDBE98 /* Protocols */ = {
			isa = PBXGroup;
			children = (
				BCA911172387EDA200BDBE98 /* Cancellable.swift */,
			);
			path = Protocols;
			sourceTree = "<group>";
		};
		BCA9111B2387EF5C00BDBE98 /* Networking */ = {
			isa = PBXGroup;
			children = (
				BCA9111C2387EF6F00BDBE98 /* URLProtocolMockTests.swift */,
			);
			path = Networking;
			sourceTree = "<group>";
		};
/* End PBXGroup section */

/* Begin PBXHeadersBuildPhase section */
		BCA910512387D5D800BDBE98 /* Headers */ = {
			isa = PBXHeadersBuildPhase;
			buildActionMask = 2147483647;
			files = (
				BCA910672387D5D800BDBE98 /* StarterKit.h in Headers */,
			);
			runOnlyForDeploymentPostprocessing = 0;
		};
/* End PBXHeadersBuildPhase section */

/* Begin PBXNativeTarget section */
		BCA910552387D5D800BDBE98 /* StarterKit */ = {
			isa = PBXNativeTarget;
			buildConfigurationList = BCA9106A2387D5D800BDBE98 /* Build configuration list for PBXNativeTarget "StarterKit" */;
			buildPhases = (
				BCA910512387D5D800BDBE98 /* Headers */,
				BCA910522387D5D800BDBE98 /* Sources */,
				BCA910532387D5D800BDBE98 /* Frameworks */,
				BCA910542387D5D800BDBE98 /* Resources */,
			);
			buildRules = (
			);
			dependencies = (
			);
			name = StarterKit;
			productName = StarterKit;
			productReference = BCA910562387D5D800BDBE98 /* StarterKit.framework */;
			productType = "com.apple.product-type.framework";
		};
		BCA9105E2387D5D800BDBE98 /* StarterKitTests */ = {
			isa = PBXNativeTarget;
			buildConfigurationList = BCA9106D2387D5D800BDBE98 /* Build configuration list for PBXNativeTarget "StarterKitTests" */;
			buildPhases = (
				BCA9105B2387D5D800BDBE98 /* Sources */,
				BCA9105C2387D5D800BDBE98 /* Frameworks */,
				BCA9105D2387D5D800BDBE98 /* Resources */,
			);
			buildRules = (
			);
			dependencies = (
				BCA910622387D5D800BDBE98 /* PBXTargetDependency */,
			);
			name = StarterKitTests;
			productName = StarterKitTests;
			productReference = BCA9105F2387D5D800BDBE98 /* StarterKitTests.xctest */;
			productType = "com.apple.product-type.bundle.unit-test";
		};
/* End PBXNativeTarget section */

/* Begin PBXProject section */
		BCA9104D2387D5D800BDBE98 /* Project object */ = {
			isa = PBXProject;
			attributes = {
				LastSwiftUpdateCheck = 1120;
				LastUpgradeCheck = 1120;
				ORGANIZATIONNAME = "Emilio Pavia";
				TargetAttributes = {
					BCA910552387D5D800BDBE98 = {
						CreatedOnToolsVersion = 11.2.1;
						LastSwiftMigration = 1120;
					};
					BCA9105E2387D5D800BDBE98 = {
						CreatedOnToolsVersion = 11.2.1;
					};
				};
			};
			buildConfigurationList = BCA910502387D5D800BDBE98 /* Build configuration list for PBXProject "StarterKit" */;
			compatibilityVersion = "Xcode 9.3";
			developmentRegion = en;
			hasScannedForEncodings = 0;
			knownRegions = (
				en,
				Base,
			);
			mainGroup = BCA9104C2387D5D800BDBE98;
			productRefGroup = BCA910572387D5D800BDBE98 /* Products */;
			projectDirPath = "";
			projectRoot = "";
			targets = (
				BCA910552387D5D800BDBE98 /* StarterKit */,
				BCA9105E2387D5D800BDBE98 /* StarterKitTests */,
			);
		};
/* End PBXProject section */

/* Begin PBXResourcesBuildPhase section */
		BCA910542387D5D800BDBE98 /* Resources */ = {
			isa = PBXResourcesBuildPhase;
			buildActionMask = 2147483647;
			files = (
			);
			runOnlyForDeploymentPostprocessing = 0;
		};
		BCA9105D2387D5D800BDBE98 /* Resources */ = {
			isa = PBXResourcesBuildPhase;
			buildActionMask = 2147483647;
			files = (
				BC7D0011238E918100A47840 /* TestView.xib in Resources */,
				BC955987238BD17E00687634 /* Localizable.strings in Resources */,
			);
			runOnlyForDeploymentPostprocessing = 0;
		};
/* End PBXResourcesBuildPhase section */

/* Begin PBXSourcesBuildPhase section */
		BCA910522387D5D800BDBE98 /* Sources */ = {
			isa = PBXSourcesBuildPhase;
			buildActionMask = 2147483647;
			files = (
				BCA911182387EDA200BDBE98 /* Cancellable.swift in Sources */,
				BC7D0017238EDA4700A47840 /* KeyboardObserver.swift in Sources */,
				BCA911152387ED8200BDBE98 /* URLProtocolMock.swift in Sources */,
				BCA9110A2387E9BC00BDBE98 /* DispatchQueue+StarterKit.swift in Sources */,
				BCA6B54C238E79A200FE9E67 /* UIView+StarterKit.swift in Sources */,
				BCA911072387E91000BDBE98 /* InjectionCenter.swift in Sources */,
				BC95597B238A797F00687634 /* Localizable.swift in Sources */,
				BC955980238BCA8900687634 /* NSAttributedString+HTML.swift in Sources */,
				BCA9111A2387EE5800BDBE98 /* APIRequest.swift in Sources */,
			);
			runOnlyForDeploymentPostprocessing = 0;
		};
		BCA9105B2387D5D800BDBE98 /* Sources */ = {
			isa = PBXSourcesBuildPhase;
			buildActionMask = 2147483647;
			files = (
				BC7D000C238E912900A47840 /* UIViewTests.swift in Sources */,
				BC7D0019238EDC2E00A47840 /* KeyboardObserverTests.swift in Sources */,
				BCA9111D2387EF6F00BDBE98 /* URLProtocolMockTests.swift in Sources */,
				BCA9110D2387EA0B00BDBE98 /* InjectionCenterTests.swift in Sources */,
				BCA910652387D5D800BDBE98 /* StarterKitTests.swift in Sources */,
				BC7D000E238E915400A47840 /* TestView.swift in Sources */,
				BCA911102387EB6D00BDBE98 /* DispatchQueueTests.swift in Sources */,
				BC95598B238BD9A300687634 /* NSAttributedStringHTMLTests.swift in Sources */,
				BC955985238BD0FB00687634 /* LocalizableTests.swift in Sources */,
			);
			runOnlyForDeploymentPostprocessing = 0;
		};
/* End PBXSourcesBuildPhase section */

/* Begin PBXTargetDependency section */
		BCA910622387D5D800BDBE98 /* PBXTargetDependency */ = {
			isa = PBXTargetDependency;
			target = BCA910552387D5D800BDBE98 /* StarterKit */;
			targetProxy = BCA910612387D5D800BDBE98 /* PBXContainerItemProxy */;
		};
/* End PBXTargetDependency section */

/* Begin XCBuildConfiguration section */
		BCA910682387D5D800BDBE98 /* Debug */ = {
			isa = XCBuildConfiguration;
			buildSettings = {
				ALWAYS_SEARCH_USER_PATHS = NO;
				CLANG_ANALYZER_NONNULL = YES;
				CLANG_ANALYZER_NUMBER_OBJECT_CONVERSION = YES_AGGRESSIVE;
				CLANG_CXX_LANGUAGE_STANDARD = "gnu++14";
				CLANG_CXX_LIBRARY = "libc++";
				CLANG_ENABLE_MODULES = YES;
				CLANG_ENABLE_OBJC_ARC = YES;
				CLANG_ENABLE_OBJC_WEAK = YES;
				CLANG_WARN_BLOCK_CAPTURE_AUTORELEASING = YES;
				CLANG_WARN_BOOL_CONVERSION = YES;
				CLANG_WARN_COMMA = YES;
				CLANG_WARN_CONSTANT_CONVERSION = YES;
				CLANG_WARN_DEPRECATED_OBJC_IMPLEMENTATIONS = YES;
				CLANG_WARN_DIRECT_OBJC_ISA_USAGE = YES_ERROR;
				CLANG_WARN_DOCUMENTATION_COMMENTS = YES;
				CLANG_WARN_EMPTY_BODY = YES;
				CLANG_WARN_ENUM_CONVERSION = YES;
				CLANG_WARN_INFINITE_RECURSION = YES;
				CLANG_WARN_INT_CONVERSION = YES;
				CLANG_WARN_NON_LITERAL_NULL_CONVERSION = YES;
				CLANG_WARN_OBJC_IMPLICIT_RETAIN_SELF = YES;
				CLANG_WARN_OBJC_LITERAL_CONVERSION = YES;
				CLANG_WARN_OBJC_ROOT_CLASS = YES_ERROR;
				CLANG_WARN_RANGE_LOOP_ANALYSIS = YES;
				CLANG_WARN_STRICT_PROTOTYPES = YES;
				CLANG_WARN_SUSPICIOUS_MOVE = YES;
				CLANG_WARN_UNGUARDED_AVAILABILITY = YES_AGGRESSIVE;
				CLANG_WARN_UNREACHABLE_CODE = YES;
				CLANG_WARN__DUPLICATE_METHOD_MATCH = YES;
				COPY_PHASE_STRIP = NO;
				CURRENT_PROJECT_VERSION = 1;
				DEBUG_INFORMATION_FORMAT = dwarf;
				ENABLE_STRICT_OBJC_MSGSEND = YES;
				ENABLE_TESTABILITY = YES;
				GCC_C_LANGUAGE_STANDARD = gnu11;
				GCC_DYNAMIC_NO_PIC = NO;
				GCC_NO_COMMON_BLOCKS = YES;
				GCC_OPTIMIZATION_LEVEL = 0;
				GCC_PREPROCESSOR_DEFINITIONS = (
					"DEBUG=1",
					"$(inherited)",
				);
				GCC_WARN_64_TO_32_BIT_CONVERSION = YES;
				GCC_WARN_ABOUT_RETURN_TYPE = YES_ERROR;
				GCC_WARN_UNDECLARED_SELECTOR = YES;
				GCC_WARN_UNINITIALIZED_AUTOS = YES_AGGRESSIVE;
				GCC_WARN_UNUSED_FUNCTION = YES;
				GCC_WARN_UNUSED_VARIABLE = YES;
				IPHONEOS_DEPLOYMENT_TARGET = 12.2;
				MTL_ENABLE_DEBUG_INFO = INCLUDE_SOURCE;
				MTL_FAST_MATH = YES;
				ONLY_ACTIVE_ARCH = YES;
				SDKROOT = iphoneos;
				SWIFT_ACTIVE_COMPILATION_CONDITIONS = DEBUG;
				SWIFT_OPTIMIZATION_LEVEL = "-Onone";
				VERSIONING_SYSTEM = "apple-generic";
				VERSION_INFO_PREFIX = "";
			};
			name = Debug;
		};
		BCA910692387D5D800BDBE98 /* Release */ = {
			isa = XCBuildConfiguration;
			buildSettings = {
				ALWAYS_SEARCH_USER_PATHS = NO;
				CLANG_ANALYZER_NONNULL = YES;
				CLANG_ANALYZER_NUMBER_OBJECT_CONVERSION = YES_AGGRESSIVE;
				CLANG_CXX_LANGUAGE_STANDARD = "gnu++14";
				CLANG_CXX_LIBRARY = "libc++";
				CLANG_ENABLE_MODULES = YES;
				CLANG_ENABLE_OBJC_ARC = YES;
				CLANG_ENABLE_OBJC_WEAK = YES;
				CLANG_WARN_BLOCK_CAPTURE_AUTORELEASING = YES;
				CLANG_WARN_BOOL_CONVERSION = YES;
				CLANG_WARN_COMMA = YES;
				CLANG_WARN_CONSTANT_CONVERSION = YES;
				CLANG_WARN_DEPRECATED_OBJC_IMPLEMENTATIONS = YES;
				CLANG_WARN_DIRECT_OBJC_ISA_USAGE = YES_ERROR;
				CLANG_WARN_DOCUMENTATION_COMMENTS = YES;
				CLANG_WARN_EMPTY_BODY = YES;
				CLANG_WARN_ENUM_CONVERSION = YES;
				CLANG_WARN_INFINITE_RECURSION = YES;
				CLANG_WARN_INT_CONVERSION = YES;
				CLANG_WARN_NON_LITERAL_NULL_CONVERSION = YES;
				CLANG_WARN_OBJC_IMPLICIT_RETAIN_SELF = YES;
				CLANG_WARN_OBJC_LITERAL_CONVERSION = YES;
				CLANG_WARN_OBJC_ROOT_CLASS = YES_ERROR;
				CLANG_WARN_RANGE_LOOP_ANALYSIS = YES;
				CLANG_WARN_STRICT_PROTOTYPES = YES;
				CLANG_WARN_SUSPICIOUS_MOVE = YES;
				CLANG_WARN_UNGUARDED_AVAILABILITY = YES_AGGRESSIVE;
				CLANG_WARN_UNREACHABLE_CODE = YES;
				CLANG_WARN__DUPLICATE_METHOD_MATCH = YES;
				COPY_PHASE_STRIP = NO;
				CURRENT_PROJECT_VERSION = 1;
				DEBUG_INFORMATION_FORMAT = "dwarf-with-dsym";
				ENABLE_NS_ASSERTIONS = NO;
				ENABLE_STRICT_OBJC_MSGSEND = YES;
				GCC_C_LANGUAGE_STANDARD = gnu11;
				GCC_NO_COMMON_BLOCKS = YES;
				GCC_WARN_64_TO_32_BIT_CONVERSION = YES;
				GCC_WARN_ABOUT_RETURN_TYPE = YES_ERROR;
				GCC_WARN_UNDECLARED_SELECTOR = YES;
				GCC_WARN_UNINITIALIZED_AUTOS = YES_AGGRESSIVE;
				GCC_WARN_UNUSED_FUNCTION = YES;
				GCC_WARN_UNUSED_VARIABLE = YES;
				IPHONEOS_DEPLOYMENT_TARGET = 12.2;
				MTL_ENABLE_DEBUG_INFO = NO;
				MTL_FAST_MATH = YES;
				SDKROOT = iphoneos;
				SWIFT_COMPILATION_MODE = wholemodule;
				SWIFT_OPTIMIZATION_LEVEL = "-O";
				VALIDATE_PRODUCT = YES;
				VERSIONING_SYSTEM = "apple-generic";
				VERSION_INFO_PREFIX = "";
			};
			name = Release;
		};
		BCA9106B2387D5D800BDBE98 /* Debug */ = {
			isa = XCBuildConfiguration;
			buildSettings = {
				CLANG_ENABLE_MODULES = YES;
				CODE_SIGN_STYLE = Automatic;
				DEFINES_MODULE = YES;
				DEVELOPMENT_TEAM = YWL5YWUXFZ;
				DYLIB_COMPATIBILITY_VERSION = 1;
				DYLIB_CURRENT_VERSION = 1;
				DYLIB_INSTALL_NAME_BASE = "@rpath";
				INFOPLIST_FILE = StarterKit/Info.plist;
				INSTALL_PATH = "$(LOCAL_LIBRARY_DIR)/Frameworks";
				LD_RUNPATH_SEARCH_PATHS = (
					"$(inherited)",
					"@executable_path/Frameworks",
					"@loader_path/Frameworks",
				);
				PRODUCT_BUNDLE_IDENTIFIER = it.emiliopavia.StarterKit;
				PRODUCT_NAME = "$(TARGET_NAME:c99extidentifier)";
				SKIP_INSTALL = YES;
				SWIFT_OPTIMIZATION_LEVEL = "-Onone";
				SWIFT_VERSION = 5.0;
				TARGETED_DEVICE_FAMILY = "1,2";
			};
			name = Debug;
		};
		BCA9106C2387D5D800BDBE98 /* Release */ = {
			isa = XCBuildConfiguration;
			buildSettings = {
				CLANG_ENABLE_MODULES = YES;
				CODE_SIGN_STYLE = Automatic;
				DEFINES_MODULE = YES;
				DEVELOPMENT_TEAM = YWL5YWUXFZ;
				DYLIB_COMPATIBILITY_VERSION = 1;
				DYLIB_CURRENT_VERSION = 1;
				DYLIB_INSTALL_NAME_BASE = "@rpath";
				INFOPLIST_FILE = StarterKit/Info.plist;
				INSTALL_PATH = "$(LOCAL_LIBRARY_DIR)/Frameworks";
				LD_RUNPATH_SEARCH_PATHS = (
					"$(inherited)",
					"@executable_path/Frameworks",
					"@loader_path/Frameworks",
				);
				PRODUCT_BUNDLE_IDENTIFIER = it.emiliopavia.StarterKit;
				PRODUCT_NAME = "$(TARGET_NAME:c99extidentifier)";
				SKIP_INSTALL = YES;
				SWIFT_VERSION = 5.0;
				TARGETED_DEVICE_FAMILY = "1,2";
			};
			name = Release;
		};
		BCA9106E2387D5D800BDBE98 /* Debug */ = {
			isa = XCBuildConfiguration;
			buildSettings = {
				ALWAYS_EMBED_SWIFT_STANDARD_LIBRARIES = YES;
				CODE_SIGN_STYLE = Automatic;
				DEVELOPMENT_TEAM = YWL5YWUXFZ;
				INFOPLIST_FILE = StarterKitTests/Info.plist;
				LD_RUNPATH_SEARCH_PATHS = (
					"$(inherited)",
					"@executable_path/Frameworks",
					"@loader_path/Frameworks",
				);
				PRODUCT_BUNDLE_IDENTIFIER = it.emiliopavia.StarterKitTests;
				PRODUCT_NAME = "$(TARGET_NAME)";
				SWIFT_VERSION = 5.0;
				TARGETED_DEVICE_FAMILY = "1,2";
			};
			name = Debug;
		};
		BCA9106F2387D5D800BDBE98 /* Release */ = {
			isa = XCBuildConfiguration;
			buildSettings = {
				ALWAYS_EMBED_SWIFT_STANDARD_LIBRARIES = YES;
				CODE_SIGN_STYLE = Automatic;
				DEVELOPMENT_TEAM = YWL5YWUXFZ;
				INFOPLIST_FILE = StarterKitTests/Info.plist;
				LD_RUNPATH_SEARCH_PATHS = (
					"$(inherited)",
					"@executable_path/Frameworks",
					"@loader_path/Frameworks",
				);
				PRODUCT_BUNDLE_IDENTIFIER = it.emiliopavia.StarterKitTests;
				PRODUCT_NAME = "$(TARGET_NAME)";
				SWIFT_VERSION = 5.0;
				TARGETED_DEVICE_FAMILY = "1,2";
			};
			name = Release;
		};
		BCA910F32387E04200BDBE98 /* Development Debug */ = {
			isa = XCBuildConfiguration;
			buildSettings = {
				ALWAYS_SEARCH_USER_PATHS = NO;
				CLANG_ANALYZER_NONNULL = YES;
				CLANG_ANALYZER_NUMBER_OBJECT_CONVERSION = YES_AGGRESSIVE;
				CLANG_CXX_LANGUAGE_STANDARD = "gnu++14";
				CLANG_CXX_LIBRARY = "libc++";
				CLANG_ENABLE_MODULES = YES;
				CLANG_ENABLE_OBJC_ARC = YES;
				CLANG_ENABLE_OBJC_WEAK = YES;
				CLANG_WARN_BLOCK_CAPTURE_AUTORELEASING = YES;
				CLANG_WARN_BOOL_CONVERSION = YES;
				CLANG_WARN_COMMA = YES;
				CLANG_WARN_CONSTANT_CONVERSION = YES;
				CLANG_WARN_DEPRECATED_OBJC_IMPLEMENTATIONS = YES;
				CLANG_WARN_DIRECT_OBJC_ISA_USAGE = YES_ERROR;
				CLANG_WARN_DOCUMENTATION_COMMENTS = YES;
				CLANG_WARN_EMPTY_BODY = YES;
				CLANG_WARN_ENUM_CONVERSION = YES;
				CLANG_WARN_INFINITE_RECURSION = YES;
				CLANG_WARN_INT_CONVERSION = YES;
				CLANG_WARN_NON_LITERAL_NULL_CONVERSION = YES;
				CLANG_WARN_OBJC_IMPLICIT_RETAIN_SELF = YES;
				CLANG_WARN_OBJC_LITERAL_CONVERSION = YES;
				CLANG_WARN_OBJC_ROOT_CLASS = YES_ERROR;
				CLANG_WARN_RANGE_LOOP_ANALYSIS = YES;
				CLANG_WARN_STRICT_PROTOTYPES = YES;
				CLANG_WARN_SUSPICIOUS_MOVE = YES;
				CLANG_WARN_UNGUARDED_AVAILABILITY = YES_AGGRESSIVE;
				CLANG_WARN_UNREACHABLE_CODE = YES;
				CLANG_WARN__DUPLICATE_METHOD_MATCH = YES;
				COPY_PHASE_STRIP = NO;
				CURRENT_PROJECT_VERSION = 1;
				DEBUG_INFORMATION_FORMAT = dwarf;
				ENABLE_STRICT_OBJC_MSGSEND = YES;
				ENABLE_TESTABILITY = YES;
				GCC_C_LANGUAGE_STANDARD = gnu11;
				GCC_DYNAMIC_NO_PIC = NO;
				GCC_NO_COMMON_BLOCKS = YES;
				GCC_OPTIMIZATION_LEVEL = 0;
				GCC_PREPROCESSOR_DEFINITIONS = (
					"DEBUG=1",
					"$(inherited)",
				);
				GCC_WARN_64_TO_32_BIT_CONVERSION = YES;
				GCC_WARN_ABOUT_RETURN_TYPE = YES_ERROR;
				GCC_WARN_UNDECLARED_SELECTOR = YES;
				GCC_WARN_UNINITIALIZED_AUTOS = YES_AGGRESSIVE;
				GCC_WARN_UNUSED_FUNCTION = YES;
				GCC_WARN_UNUSED_VARIABLE = YES;
				IPHONEOS_DEPLOYMENT_TARGET = 12.2;
				MTL_ENABLE_DEBUG_INFO = INCLUDE_SOURCE;
				MTL_FAST_MATH = YES;
				ONLY_ACTIVE_ARCH = YES;
				SDKROOT = iphoneos;
				SWIFT_ACTIVE_COMPILATION_CONDITIONS = DEBUG;
				SWIFT_OPTIMIZATION_LEVEL = "-Onone";
				VERSIONING_SYSTEM = "apple-generic";
				VERSION_INFO_PREFIX = "";
			};
			name = "Development Debug";
		};
		BCA910F42387E04200BDBE98 /* Development Debug */ = {
			isa = XCBuildConfiguration;
			buildSettings = {
				CLANG_ENABLE_MODULES = YES;
				CODE_SIGN_STYLE = Automatic;
				DEFINES_MODULE = YES;
				DEVELOPMENT_TEAM = YWL5YWUXFZ;
				DYLIB_COMPATIBILITY_VERSION = 1;
				DYLIB_CURRENT_VERSION = 1;
				DYLIB_INSTALL_NAME_BASE = "@rpath";
				INFOPLIST_FILE = StarterKit/Info.plist;
				INSTALL_PATH = "$(LOCAL_LIBRARY_DIR)/Frameworks";
				LD_RUNPATH_SEARCH_PATHS = (
					"$(inherited)",
					"@executable_path/Frameworks",
					"@loader_path/Frameworks",
				);
				PRODUCT_BUNDLE_IDENTIFIER = it.emiliopavia.StarterKit;
				PRODUCT_NAME = "$(TARGET_NAME:c99extidentifier)";
				SKIP_INSTALL = YES;
				SWIFT_OPTIMIZATION_LEVEL = "-Onone";
				SWIFT_VERSION = 5.0;
				TARGETED_DEVICE_FAMILY = "1,2";
			};
			name = "Development Debug";
		};
		BCA910F52387E04200BDBE98 /* Development Debug */ = {
			isa = XCBuildConfiguration;
			buildSettings = {
				ALWAYS_EMBED_SWIFT_STANDARD_LIBRARIES = YES;
				CODE_SIGN_STYLE = Automatic;
				DEVELOPMENT_TEAM = YWL5YWUXFZ;
				INFOPLIST_FILE = StarterKitTests/Info.plist;
				LD_RUNPATH_SEARCH_PATHS = (
					"$(inherited)",
					"@executable_path/Frameworks",
					"@loader_path/Frameworks",
				);
				PRODUCT_BUNDLE_IDENTIFIER = it.emiliopavia.StarterKitTests;
				PRODUCT_NAME = "$(TARGET_NAME)";
				SWIFT_VERSION = 5.0;
				TARGETED_DEVICE_FAMILY = "1,2";
			};
			name = "Development Debug";
		};
		BCA910F62387E04900BDBE98 /* Development Release */ = {
			isa = XCBuildConfiguration;
			buildSettings = {
				ALWAYS_SEARCH_USER_PATHS = NO;
				CLANG_ANALYZER_NONNULL = YES;
				CLANG_ANALYZER_NUMBER_OBJECT_CONVERSION = YES_AGGRESSIVE;
				CLANG_CXX_LANGUAGE_STANDARD = "gnu++14";
				CLANG_CXX_LIBRARY = "libc++";
				CLANG_ENABLE_MODULES = YES;
				CLANG_ENABLE_OBJC_ARC = YES;
				CLANG_ENABLE_OBJC_WEAK = YES;
				CLANG_WARN_BLOCK_CAPTURE_AUTORELEASING = YES;
				CLANG_WARN_BOOL_CONVERSION = YES;
				CLANG_WARN_COMMA = YES;
				CLANG_WARN_CONSTANT_CONVERSION = YES;
				CLANG_WARN_DEPRECATED_OBJC_IMPLEMENTATIONS = YES;
				CLANG_WARN_DIRECT_OBJC_ISA_USAGE = YES_ERROR;
				CLANG_WARN_DOCUMENTATION_COMMENTS = YES;
				CLANG_WARN_EMPTY_BODY = YES;
				CLANG_WARN_ENUM_CONVERSION = YES;
				CLANG_WARN_INFINITE_RECURSION = YES;
				CLANG_WARN_INT_CONVERSION = YES;
				CLANG_WARN_NON_LITERAL_NULL_CONVERSION = YES;
				CLANG_WARN_OBJC_IMPLICIT_RETAIN_SELF = YES;
				CLANG_WARN_OBJC_LITERAL_CONVERSION = YES;
				CLANG_WARN_OBJC_ROOT_CLASS = YES_ERROR;
				CLANG_WARN_RANGE_LOOP_ANALYSIS = YES;
				CLANG_WARN_STRICT_PROTOTYPES = YES;
				CLANG_WARN_SUSPICIOUS_MOVE = YES;
				CLANG_WARN_UNGUARDED_AVAILABILITY = YES_AGGRESSIVE;
				CLANG_WARN_UNREACHABLE_CODE = YES;
				CLANG_WARN__DUPLICATE_METHOD_MATCH = YES;
				COPY_PHASE_STRIP = NO;
				CURRENT_PROJECT_VERSION = 1;
				DEBUG_INFORMATION_FORMAT = "dwarf-with-dsym";
				ENABLE_NS_ASSERTIONS = NO;
				ENABLE_STRICT_OBJC_MSGSEND = YES;
				GCC_C_LANGUAGE_STANDARD = gnu11;
				GCC_NO_COMMON_BLOCKS = YES;
				GCC_WARN_64_TO_32_BIT_CONVERSION = YES;
				GCC_WARN_ABOUT_RETURN_TYPE = YES_ERROR;
				GCC_WARN_UNDECLARED_SELECTOR = YES;
				GCC_WARN_UNINITIALIZED_AUTOS = YES_AGGRESSIVE;
				GCC_WARN_UNUSED_FUNCTION = YES;
				GCC_WARN_UNUSED_VARIABLE = YES;
				IPHONEOS_DEPLOYMENT_TARGET = 12.2;
				MTL_ENABLE_DEBUG_INFO = NO;
				MTL_FAST_MATH = YES;
				SDKROOT = iphoneos;
				SWIFT_COMPILATION_MODE = wholemodule;
				SWIFT_OPTIMIZATION_LEVEL = "-O";
				VALIDATE_PRODUCT = YES;
				VERSIONING_SYSTEM = "apple-generic";
				VERSION_INFO_PREFIX = "";
			};
			name = "Development Release";
		};
		BCA910F72387E04900BDBE98 /* Development Release */ = {
			isa = XCBuildConfiguration;
			buildSettings = {
				CLANG_ENABLE_MODULES = YES;
				CODE_SIGN_STYLE = Automatic;
				DEFINES_MODULE = YES;
				DEVELOPMENT_TEAM = YWL5YWUXFZ;
				DYLIB_COMPATIBILITY_VERSION = 1;
				DYLIB_CURRENT_VERSION = 1;
				DYLIB_INSTALL_NAME_BASE = "@rpath";
				INFOPLIST_FILE = StarterKit/Info.plist;
				INSTALL_PATH = "$(LOCAL_LIBRARY_DIR)/Frameworks";
				LD_RUNPATH_SEARCH_PATHS = (
					"$(inherited)",
					"@executable_path/Frameworks",
					"@loader_path/Frameworks",
				);
				PRODUCT_BUNDLE_IDENTIFIER = it.emiliopavia.StarterKit;
				PRODUCT_NAME = "$(TARGET_NAME:c99extidentifier)";
				SKIP_INSTALL = YES;
				SWIFT_VERSION = 5.0;
				TARGETED_DEVICE_FAMILY = "1,2";
			};
			name = "Development Release";
		};
		BCA910F82387E04900BDBE98 /* Development Release */ = {
			isa = XCBuildConfiguration;
			buildSettings = {
				ALWAYS_EMBED_SWIFT_STANDARD_LIBRARIES = YES;
				CODE_SIGN_STYLE = Automatic;
				DEVELOPMENT_TEAM = YWL5YWUXFZ;
				INFOPLIST_FILE = StarterKitTests/Info.plist;
				LD_RUNPATH_SEARCH_PATHS = (
					"$(inherited)",
					"@executable_path/Frameworks",
					"@loader_path/Frameworks",
				);
				PRODUCT_BUNDLE_IDENTIFIER = it.emiliopavia.StarterKitTests;
				PRODUCT_NAME = "$(TARGET_NAME)";
				SWIFT_VERSION = 5.0;
				TARGETED_DEVICE_FAMILY = "1,2";
			};
			name = "Development Release";
		};
/* End XCBuildConfiguration section */

/* Begin XCConfigurationList section */
		BCA910502387D5D800BDBE98 /* Build configuration list for PBXProject "StarterKit" */ = {
			isa = XCConfigurationList;
			buildConfigurations = (
				BCA910682387D5D800BDBE98 /* Debug */,
				BCA910F32387E04200BDBE98 /* Development Debug */,
				BCA910692387D5D800BDBE98 /* Release */,
				BCA910F62387E04900BDBE98 /* Development Release */,
			);
			defaultConfigurationIsVisible = 0;
			defaultConfigurationName = Release;
		};
		BCA9106A2387D5D800BDBE98 /* Build configuration list for PBXNativeTarget "StarterKit" */ = {
			isa = XCConfigurationList;
			buildConfigurations = (
				BCA9106B2387D5D800BDBE98 /* Debug */,
				BCA910F42387E04200BDBE98 /* Development Debug */,
				BCA9106C2387D5D800BDBE98 /* Release */,
				BCA910F72387E04900BDBE98 /* Development Release */,
			);
			defaultConfigurationIsVisible = 0;
			defaultConfigurationName = Release;
		};
		BCA9106D2387D5D800BDBE98 /* Build configuration list for PBXNativeTarget "StarterKitTests" */ = {
			isa = XCConfigurationList;
			buildConfigurations = (
				BCA9106E2387D5D800BDBE98 /* Debug */,
				BCA910F52387E04200BDBE98 /* Development Debug */,
				BCA9106F2387D5D800BDBE98 /* Release */,
				BCA910F82387E04900BDBE98 /* Development Release */,
			);
			defaultConfigurationIsVisible = 0;
			defaultConfigurationName = Release;
		};
/* End XCConfigurationList section */
	};
	rootObject = BCA9104D2387D5D800BDBE98 /* Project object */;
}
